
Microsoft Visual Studio Solution File, Format Version 12.00
# Visual Studio Version 17
VisualStudioVersion = 17.14.36705.20
MinimumVisualStudioVersion = 10.0.40219.1
Project("{FAE04EC0-301F-11D3-BF4B-00C04F79EFBC}") = "ClinicCare.Api", "ClinicCare.Api\ClinicCare.Api.csproj", "{87066438-BF16-43F7-A9B0-8BAB515D1AE1}"
EndProject
Project("{FAE04EC0-301F-11D3-BF4B-00C04F79EFBC}") = "ClinicCare.DataAccess", "ClinicCare.DataAccess\ClinicCare.DataAccess.csproj", "{157B4CFA-44A9-4CA1-AAC3-AA94751D8A18}"
EndProject
Project("{FAE04EC0-301F-11D3-BF4B-00C04F79EFBC}") = "ClinicCare.Business", "ClinicCare.Business\ClinicCare.Business.csproj", "{96126D61-80A9-4122-9B07-D2C9C6C355D8}"
EndProject
Project("{FAE04EC0-301F-11D3-BF4B-00C04F79EFBC}") = "ClinicCare.Shared", "ClinicCare.Shared\ClinicCare.Shared.csproj", "{C0055474-0EED-42A8-A835-E982919D5E7E}"
EndProject
Project("{FAE04EC0-301F-11D3-BF4B-00C04F79EFBC}") = "ClinicCare.UnitTest", "ClinicCare.UnitTest\ClinicCare.UnitTest.csproj", "{83EB8626-3A0E-4140-A179-A254D71D615F}"
EndProject
Global
	GlobalSection(SolutionConfigurationPlatforms) = preSolution
		Debug|Any CPU = Debug|Any CPU
		Release|Any CPU = Release|Any CPU
	EndGlobalSection
	GlobalSection(ProjectConfigurationPlatforms) = postSolution
		{87066438-BF16-43F7-A9B0-8BAB515D1AE1}.Debug|Any CPU.ActiveCfg = Debug|Any CPU
		{87066438-BF16-43F7-A9B0-8BAB515D1AE1}.Debug|Any CPU.Build.0 = Debug|Any CPU
		{87066438-BF16-43F7-A9B0-8BAB515D1AE1}.Release|Any CPU.ActiveCfg = Release|Any CPU
		{87066438-BF16-43F7-A9B0-8BAB515D1AE1}.Release|Any CPU.Build.0 = Release|Any CPU
		{157B4CFA-44A9-4CA1-AAC3-AA94751D8A18}.Debug|Any CPU.ActiveCfg = Debug|Any CPU
		{157B4CFA-44A9-4CA1-AAC3-AA94751D8A18}.Debug|Any CPU.Build.0 = Debug|Any CPU
		{157B4CFA-44A9-4CA1-AAC3-AA94751D8A18}.Release|Any CPU.ActiveCfg = Release|Any CPU
		{157B4CFA-44A9-4CA1-AAC3-AA94751D8A18}.Release|Any CPU.Build.0 = Release|Any CPU
		{96126D61-80A9-4122-9B07-D2C9C6C355D8}.Debug|Any CPU.ActiveCfg = Debug|Any CPU
		{96126D61-80A9-4122-9B07-D2C9C6C355D8}.Debug|Any CPU.Build.0 = Debug|Any CPU
		{96126D61-80A9-4122-9B07-D2C9C6C355D8}.Release|Any CPU.ActiveCfg = Release|Any CPU
		{96126D61-80A9-4122-9B07-D2C9C6C355D8}.Release|Any CPU.Build.0 = Release|Any CPU
		{C0055474-0EED-42A8-A835-E982919D5E7E}.Debug|Any CPU.ActiveCfg = Debug|Any CPU
		{C0055474-0EED-42A8-A835-E982919D5E7E}.Debug|Any CPU.Build.0 = Debug|Any CPU
		{C0055474-0EED-42A8-A835-E982919D5E7E}.Release|Any CPU.ActiveCfg = Release|Any CPU
		{C0055474-0EED-42A8-A835-E982919D5E7E}.Release|Any CPU.Build.0 = Release|Any CPU
		{83EB8626-3A0E-4140-A179-A254D71D615F}.Debug|Any CPU.ActiveCfg = Debug|Any CPU
		{83EB8626-3A0E-4140-A179-A254D71D615F}.Debug|Any CPU.Build.0 = Debug|Any CPU
		{83EB8626-3A0E-4140-A179-A254D71D615F}.Release|Any CPU.ActiveCfg = Release|Any CPU
		{83EB8626-3A0E-4140-A179-A254D71D615F}.Release|Any CPU.Build.0 = Release|Any CPU
	EndGlobalSection
	GlobalSection(SolutionProperties) = preSolution
		HideSolutionNode = FALSE
	EndGlobalSection
	GlobalSection(ExtensibilityGlobals) = postSolution
		SolutionGuid = {7174B64D-0A5C-4344-9060-05A86A092A35}
	EndGlobalSection
EndGlobal
